{
  "name": "html",
  "version": "1.0.0",
  "lockfileVersion": 1,
  "requires": true,
  "dependencies": {
    "async": {
      "version": "2.6.3",
      "resolved": "http://registry.npm.baidu-int.com/async/-/async-2.6.3.tgz",
      "integrity": "sha512-zflvls11DCy+dQWzTW2dzuilv8Z5X/pjfmZOWba6TNIVDm+2UDaJmXSOXlasHKfNBs8oo3M0aT50fDEWfKZjXg==",
      "requires": {
        "lodash": "^4.17.14"
      }
    },
    "bluebird": {
      "version": "3.7.2",
      "resolved": "http://registry.npm.baidu-int.com/bluebird/-/bluebird-3.7.2.tgz",
      "integrity": "sha1-nyKcFb4nJFT/qXOs4NvueaGww28="
    },
    "colors": {
      "version": "1.0.3",
      "resolved": "http://registry.npm.baidu-int.com/colors/-/colors-1.0.3.tgz",
      "integrity": "sha1-BDP0TYCWgP3rYO0mDxsMJi6CpAs="
    },
    "corser": {
      "version": "2.0.1",
      "resolved": "http://registry.npm.baidu-int.com/corser/-/corser-2.0.1.tgz",
      "integrity": "sha1-jtolLsqrWEDc2XXOuQ2TcMgZ/4c="
    },
    "debug": {
      "version": "4.1.1",
      "resolved": "http://registry.npm.baidu-int.com/debug/-/debug-4.1.1.tgz",
      "integrity": "sha1-O3ImAlUQnGtYnO4FDx1RYTlmR5E=",
      "requires": {
        "ms": "^2.1.1"
      }
    },
    "ecstatic": {
      "version": "3.3.2",
      "resolved": "http://registry.npm.baidu-int.com/ecstatic/-/ecstatic-3.3.2.tgz",
      "integrity": "sha1-bR3UmBTQBZRoLGUq22YHamnUbEg=",
      "requires": {
        "he": "^1.1.1",
        "mime": "^1.6.0",
        "minimist": "^1.1.0",
        "url-join": "^2.0.5"
      }
    },
    "eventemitter3": {
      "version": "4.0.4",
      "resolved": "http://registry.npm.baidu-int.com/eventemitter3/-/eventemitter3-4.0.4.tgz",
      "integrity": "sha1-tUY6zmNaCD0Bi9x8kXtMXxCoU4Q="
    },
    "follow-redirects": {
      "version": "1.13.0",
      "resolved": "http://registry.npm.baidu-int.com/follow-redirects/-/follow-redirects-1.13.0.tgz",
      "integrity": "sha1-tC6Nk6Kn7qXtiGM2dtZZe8jjhNs="
    },
    "fs-extra": {
      "version": "5.0.0",
      "resolved": "http://registry.npm.baidu-int.com/fs-extra/-/fs-extra-5.0.0.tgz",
      "integrity": "sha1-QU0BEM3QZwVzTQVWUsVBEmDDGr0=",
      "requires": {
        "graceful-fs": "^4.1.2",
        "jsonfile": "^4.0.0",
        "universalify": "^0.1.0"
      }
    },
    "gitlog": {
      "version": "3.3.6",
      "resolved": "http://registry.npm.baidu-int.com/gitlog/-/gitlog-3.3.6.tgz",
      "integrity": "sha1-aYMZvqEw4fa3y65CT+kF5smLNow=",
      "requires": {
        "debug": "^4.1.1",
        "tslib": "^1.11.1"
      }
    },
    "graceful-fs": {
      "version": "4.2.4",
      "resolved": "http://registry.npm.baidu-int.com/graceful-fs/-/graceful-fs-4.2.4.tgz",
      "integrity": "sha1-Ila94U02MpWMRl68ltxGfKB6Kfs="
    },
    "he": {
      "version": "1.2.0",
      "resolved": "http://registry.npm.baidu-int.com/he/-/he-1.2.0.tgz",
      "integrity": "sha512-F/1DnUGPopORZi0ni+CvrCgHQ5FyEAHRLSApuYWMmrbSwoN2Mn/7k+Gl38gJnR7yyDZk6WLXwiGod1JOWNDKGw=="
    },
    "http-proxy": {
      "version": "1.18.1",
      "resolved": "http://registry.npm.baidu-int.com/http-proxy/-/http-proxy-1.18.1.tgz",
      "integrity": "sha1-QBVB8FNIhLv5UmAzTnL4juOXZUk=",
      "requires": {
        "eventemitter3": "^4.0.0",
        "follow-redirects": "^1.0.0",
        "requires-port": "^1.0.0"
      }
    },
    "http-server": {
      "version": "0.11.1",
      "resolved": "http://registry.npm.baidu-int.com/http-server/-/http-server-0.11.1.tgz",
      "integrity": "sha1-IwKlam/+9/mr6gFH2Dil6ba2p5s=",
      "requires": {
        "colors": "1.0.3",
        "corser": "~2.0.0",
        "ecstatic": "^3.0.0",
        "http-proxy": "^1.8.1",
        "opener": "~1.4.0",
        "optimist": "0.6.x",
        "portfinder": "^1.0.13",
        "union": "~0.4.3"
      }
    },
    "jsonfile": {
      "version": "4.0.0",
      "resolved": "http://registry.npm.baidu-int.com/jsonfile/-/jsonfile-4.0.0.tgz",
      "integrity": "sha1-h3Gq4HmbZAdrdmQPygWPnBDjPss=",
      "requires": {
        "graceful-fs": "^4.1.6"
      }
    },
    "lodash": {
      "version": "4.17.19",
      "resolved": "http://registry.npm.baidu-int.com/lodash/-/lodash-4.17.19.tgz",
      "integrity": "sha1-5I3e2+MLMyF4PFtDAfvTU7weSks="
    },
    "mime": {
      "version": "1.6.0",
      "resolved": "http://registry.npm.baidu-int.com/mime/-/mime-1.6.0.tgz",
      "integrity": "sha1-Ms2eXGRVO9WNGaVor0Uqz/BJgbE="
    },
    "minimist": {
      "version": "1.2.5",
      "resolved": "http://registry.npm.baidu-int.com/minimist/-/minimist-1.2.5.tgz",
      "integrity": "sha1-Z9ZgFLZqaoqqDAg8X9WN9OTpdgI="
    },
    "mkdirp": {
      "version": "0.5.5",
      "resolved": "http://registry.npm.baidu-int.com/mkdirp/-/mkdirp-0.5.5.tgz",
      "integrity": "sha1-2Rzv1i0UNsoPQWIOJRKI1CAJne8=",
      "requires": {
        "minimist": "^1.2.5"
      }
    },
    "mkpath": {
      "version": "1.0.0",
      "resolved": "http://registry.npm.baidu-int.com/mkpath/-/mkpath-1.0.0.tgz",
      "integrity": "sha1-67Opd+evHGg65v2hK1Raa6bFhT0="
    },
    "moment": {
      "version": "2.27.0",
      "resolved": "http://registry.npm.baidu-int.com/moment/-/moment-2.27.0.tgz",
      "integrity": "sha1-i/9OPiaiNiIN/j423nVrbrqgEF0="
    },
    "ms": {
      "version": "2.1.2",
      "resolved": "http://registry.npm.baidu-int.com/ms/-/ms-2.1.2.tgz",
      "integrity": "sha512-sGkPx+VjMtmA6MX27oA4FBFELFCZZ4S4XqeGOXCv68tT+jb3vk/RyaKWP0PTKyWtmLSM0b+adUTEvbs1PEaH2w=="
    },
    "opener": {
      "version": "1.4.3",
      "resolved": "http://registry.npm.baidu-int.com/opener/-/opener-1.4.3.tgz",
      "integrity": "sha1-XG2ixdflgx6P+jlklQ+NZnSskLg="
    },
    "optimist": {
      "version": "0.6.1",
      "resolved": "http://registry.npm.baidu-int.com/optimist/-/optimist-0.6.1.tgz",
      "integrity": "sha1-2j6nRob6IaGaERwybpDrFaAZZoY=",
      "requires": {
        "minimist": "~0.0.1",
        "wordwrap": "~0.0.2"
      },
      "dependencies": {
        "minimist": {
          "version": "0.0.10",
          "resolved": "http://registry.npm.baidu-int.com/minimist/-/minimist-0.0.10.tgz",
          "integrity": "sha1-3j+YVD2/lggr5IrRoMfNqDYwHc8="
        }
      }
    },
    "parse5": {
      "version": "4.0.0",
      "resolved": "http://registry.npm.baidu-int.com/parse5/-/parse5-4.0.0.tgz",
      "integrity": "sha1-bXhlbj2o14tOwLkG98CO8d/j9gg="
    },
    "portfinder": {
      "version": "1.0.28",
      "resolved": "http://registry.npm.baidu-int.com/portfinder/-/portfinder-1.0.28.tgz",
      "integrity": "sha1-Z8RiKFK9U3TdHdkA93n1NGL6x3g=",
      "requires": {
        "async": "^2.6.2",
        "debug": "^3.1.1",
        "mkdirp": "^0.5.5"
      },
      "dependencies": {
        "debug": {
          "version": "3.2.6",
          "resolved": "http://registry.npm.baidu-int.com/debug/-/debug-3.2.6.tgz",
          "integrity": "sha512-mel+jf7nrtEl5Pn1Qx46zARXKDpBbvzezse7p7LqINmdoIk8PYP5SySaxEmYv6TZ0JyEKA1hsCId6DIhgITtWQ==",
          "requires": {
            "ms": "^2.1.1"
          }
        }
      }
    },
    "qs": {
      "version": "2.3.3",
      "resolved": "http://registry.npm.baidu-int.com/qs/-/qs-2.3.3.tgz",
      "integrity": "sha1-6eha2+ddoLvkyOBHaghikPhjtAQ="
    },
    "requires-port": {
      "version": "1.0.0",
      "resolved": "http://registry.npm.baidu-int.com/requires-port/-/requires-port-1.0.0.tgz",
      "integrity": "sha1-kl0mAdOaxIXgkc8NpcbmlNw9yv8="
    },
    "tslib": {
      "version": "1.13.0",
      "resolved": "http://registry.npm.baidu-int.com/tslib/-/tslib-1.13.0.tgz",
      "integrity": "sha1-yIHhPMcBWJTtkUhi0nZDb6mkcEM="
    },
    "union": {
      "version": "0.4.6",
      "resolved": "http://registry.npm.baidu-int.com/union/-/union-0.4.6.tgz",
      "integrity": "sha1-GY+9rrolTniLDvy2MLwR8kopWeA=",
      "requires": {
        "qs": "~2.3.3"
      }
    },
    "universalify": {
      "version": "0.1.2",
      "resolved": "http://registry.npm.baidu-int.com/universalify/-/universalify-0.1.2.tgz",
      "integrity": "sha512-rBJeI5CXAlmy1pV+617WB9J63U6XcazHHF2f2dbJix4XzpUF0RS3Zbj0FGIOCAva5P/d/GBOYaACQ1w+0azUkg=="
    },
    "url-join": {
      "version": "2.0.5",
      "resolved": "http://registry.npm.baidu-int.com/url-join/-/url-join-2.0.5.tgz",
      "integrity": "sha1-WvIvGMBSoACkjXuCxenC4v7tpyg="
    },
    "wordwrap": {
      "version": "0.0.3",
      "resolved": "http://registry.npm.baidu-int.com/wordwrap/-/wordwrap-0.0.3.tgz",
      "integrity": "sha1-o9XabNXAvAAI03I0u68b7WMFkQc="
    }
  }
}
